// !$*UTF8*$!
{
	archiveVersion = 1;
	classes = {
	};
	objectVersion = 48;
	objects = {

/* Begin PBXBuildFile section */
		136ADAB61F8F5C2F005C8AC2 /* AppDelegate.swift in Sources */ = {isa = PBXBuildFile; fileRef = 136ADAB51F8F5C2F005C8AC2 /* AppDelegate.swift */; };
		136ADAB81F8F5C2F005C8AC2 /* ViewController.swift in Sources */ = {isa = PBXBuildFile; fileRef = 136ADAB71F8F5C2F005C8AC2 /* ViewController.swift */; };
		136ADABB1F8F5C2F005C8AC2 /* Main.storyboard in Resources */ = {isa = PBXBuildFile; fileRef = 136ADAB91F8F5C2F005C8AC2 /* Main.storyboard */; };
		136ADABD1F8F5C2F005C8AC2 /* Assets.xcassets in Resources */ = {isa = PBXBuildFile; fileRef = 136ADABC1F8F5C2F005C8AC2 /* Assets.xcassets */; };
		136ADAC01F8F5C2F005C8AC2 /* LaunchScreen.storyboard in Resources */ = {isa = PBXBuildFile; fileRef = 136ADABE1F8F5C2F005C8AC2 /* LaunchScreen.storyboard */; };
		136ADAC81F8F653C005C8AC2 /* CaptionChoice.swift in Sources */ = {isa = PBXBuildFile; fileRef = 136ADAC71F8F653C005C8AC2 /* CaptionChoice.swift */; };
/* End PBXBuildFile section */

/* Begin PBXFileReference section */
		136ADAB21F8F5C2F005C8AC2 /* MemeMaker.app */ = {isa = PBXFileReference; explicitFileType = wrapper.application; includeInIndex = 0; path = MemeMaker.app; sourceTree = BUILT_PRODUCTS_DIR; };
		136ADAB51F8F5C2F005C8AC2 /* AppDelegate.swift */ = {isa = PBXFileReference; lastKnownFileType = sourcecode.swift; path = AppDelegate.swift; sourceTree = "<group>"; };
		136ADAB71F8F5C2F005C8AC2 /* ViewController.swift */ = {isa = PBXFileReference; lastKnownFileType = sourcecode.swift; path = ViewController.swift; sourceTree = "<group>"; };
		136ADABA1F8F5C2F005C8AC2 /* Base */ = {isa = PBXFileReference; lastKnownFileType = file.storyboard; name = Base; path = Base.lproj/Main.storyboard; sourceTree = "<group>"; };
		136ADABC1F8F5C2F005C8AC2 /* Assets.xcassets */ = {isa = PBXFileReference; lastKnownFileType = folder.assetcatalog; path = Assets.xcassets; sourceTree = "<group>"; };
		136ADABF1F8F5C2F005C8AC2 /* Base */ = {isa = PBXFileReference; lastKnownFileType = file.storyboard; name = Base; path = Base.lproj/LaunchScreen.storyboard; sourceTree = "<group>"; };
		136ADAC11F8F5C2F005C8AC2 /* Info.plist */ = {isa = PBXFileReference; lastKnownFileType = text.plist.xml; path = Info.plist; sourceTree = "<group>"; };
		136ADAC71F8F653C005C8AC2 /* CaptionChoice.swift */ = {isa = PBXFileReference; lastKnownFileType = sourcecode.swift; path = CaptionChoice.swift; sourceTree = "<group>"; };
/* End PBXFileReference section */

/* Begin PBXFrameworksBuildPhase section */
		136ADAAF1F8F5C2F005C8AC2 /* Frameworks */ = {
			isa = PBXFrameworksBuildPhase;
			buildActionMask = 2147483647;
			files = (
			);
			runOnlyForDeploymentPostprocessing = 0;
		};
/* End PBXFrameworksBuildPhase section */

/* Begin PBXGroup section */
		136ADAA91F8F5C2E005C8AC2 = {
			isa = PBXGroup;
			children = (
				136ADAB41F8F5C2F005C8AC2 /* MemeMaker */,
				136ADAB31F8F5C2F005C8AC2 /* Products */,
			);
			sourceTree = "<group>";
		};
		136ADAB31F8F5C2F005C8AC2 /* Products */ = {
			isa = PBXGroup;
			children = (
				136ADAB21F8F5C2F005C8AC2 /* MemeMaker.app */,
			);
			name = Products;
			sourceTree = "<group>";
		};
		136ADAB41F8F5C2F005C8AC2 /* MemeMaker */ = {
			isa = PBXGroup;
			children = (
				136ADAC71F8F653C005C8AC2 /* CaptionChoice.swift */,
				136ADAB51F8F5C2F005C8AC2 /* AppDelegate.swift */,
				136ADAB71F8F5C2F005C8AC2 /* ViewController.swift */,
				136ADAB91F8F5C2F005C8AC2 /* Main.storyboard */,
				136ADABC1F8F5C2F005C8AC2 /* Assets.xcassets */,
				136ADABE1F8F5C2F005C8AC2 /* LaunchScreen.storyboard */,
				136ADAC11F8F5C2F005C8AC2 /* Info.plist */,
			);
			path = MemeMaker;
			sourceTree = "<group>";
		};
/* End PBXGroup section */

/* Begin PBXNativeTarget section */
		136ADAB11F8F5C2F005C8AC2 /* MemeMaker */ = {
			isa = PBXNativeTarget;
			buildConfigurationList = 136ADAC41F8F5C2F005C8AC2 /* Build configuration list for PBXNativeTarget "MemeMaker" */;
			buildPhases = (
				136ADAAE1F8F5C2F005C8AC2 /* Sources */,
				136ADAAF1F8F5C2F005C8AC2 /* Frameworks */,
				136ADAB01F8F5C2F005C8AC2 /* Resources */,
			);
			buildRules = (
			);
			dependencies = (
			);
			name = MemeMaker;
			productName = MemeMaker;
			productReference = 136ADAB21F8F5C2F005C8AC2 /* MemeMaker.app */;
			productType = "com.apple.product-type.application";
		};
/* End PBXNativeTarget section */

/* Begin PBXProject section */
		136ADAAA1F8F5C2E005C8AC2 /* Project object */ = {
			isa = PBXProject;
			attributes = {
				LastSwiftUpdateCheck = 0900;
				LastUpgradeCheck = 0900;
				ORGANIZATIONNAME = "狗吃草";
				TargetAttributes = {
					136ADAB11F8F5C2F005C8AC2 = {
						CreatedOnToolsVersion = 9.0;
						ProvisioningStyle = Automatic;
					};
				};
			};
			buildConfigurationList = 136ADAAD1F8F5C2E005C8AC2 /* Build configuration list for PBXProject "MemeMaker" */;
			compatibilityVersion = "Xcode 8.0";
			developmentRegion = en;
			hasScannedForEncodings = 0;
			knownRegions = (
				en,
				Base,
			);
			mainGroup = 136ADAA91F8F5C2E005C8AC2;
			productRefGroup = 136ADAB31F8F5C2F005C8AC2 /* Products */;
			projectDirPath = "";
			projectRoot = "";
			targets = (
				136ADAB11F8F5C2F005C8AC2 /* MemeMaker */,
			);
		};
/* End PBXProject section */

/* Begin PBXResourcesBuildPhase section */
		136ADAB01F8F5C2F005C8AC2 /* Resources */ = {
			isa = PBXResourcesBuildPhase;
			buildActionMask = 2147483647;
			files = (
				136ADAC01F8F5C2F005C8AC2 /* LaunchScreen.storyboard in Resources */,
				136ADABD1F8F5C2F005C8AC2 /* Assets.xcassets in Resources */,
				136ADABB1F8F5C2F005C8AC2 /* Main.storyboard in Resources */,
			);
			runOnlyForDeploymentPostprocessing = 0;
		};
/* End PBXResourcesBuildPhase section */

/* Begin PBXSourcesBuildPhase section */
		136ADAAE1F8F5C2F005C8AC2 /* Sources */ = {
			isa = PBXSourcesBuildPhase;
			buildActionMask = 2147483647;
			files = (
				136ADAB81F8F5C2F005C8AC2 /* ViewController.swift in Sources */,
				136ADAC81F8F653C005C8AC2 /* CaptionChoice.swift in Sources */,
				136ADAB61F8F5C2F005C8AC2 /* AppDelegate.swift in Sources */,
			);
			runOnlyForDeploymentPostprocessing = 0;
		};
/* End PBXSourcesBuildPhase section */

/* Begin PBXVariantGroup section */
		136ADAB91F8F5C2F005C8AC2 /* Main.storyboard */ = {
			isa = PBXVariantGroup;
			children = (
				136ADABA1F8F5C2F005C8AC2 /* Base */,
			);
			name = Main.storyboard;
			sourceTree = "<group>";
		};
		136ADABE1F8F5C2F005C8AC2 /* LaunchScreen.storyboard */ = {
			isa = PBXVariantGroup;
			children = (
				136ADABF1F8F5C2F005C8AC2 /* Base */,
			);
			name = LaunchScreen.storyboard;
			sourceTree = "<group>";
		};
/* End PBXVariantGroup section */

/* Begin XCBuildConfiguration section */
		136ADAC21F8F5C2F005C8AC2 /* Debug */ = {
			isa = XCBuildConfiguration;
			buildSettings = {
				ALWAYS_SEARCH_USER_PATHS = NO;
				CLANG_ANALYZER_NONNULL = YES;
				CLANG_ANALYZER_NUMBER_OBJECT_CONVERSION = YES_AGGRESSIVE;
				CLANG_CXX_LANGUAGE_STANDARD = "gnu++14";
				CLANG_CXX_LIBRARY = "libc++";
				CLANG_ENABLE_MODULES = YES;
				CLANG_ENABLE_OBJC_ARC = YES;
				CLANG_WARN_BLOCK_CAPTURE_AUTORELEASING = YES;
				CLANG_WARN_BOOL_CONVERSION = YES;
				CLANG_WARN_COMMA = YES;
				CLANG_WARN_CONSTANT_CONVERSION = YES;
				CLANG_WARN_DIRECT_OBJC_ISA_USAGE = YES_ERROR;
				CLANG_WARN_DOCUMENTATION_COMMENTS = YES;
				CLANG_WARN_EMPTY_BODY = YES;
				CLANG_WARN_ENUM_CONVERSION = YES;
				CLANG_WARN_INFINITE_RECURSION = YES;
				CLANG_WARN_INT_CONVERSION = YES;
				CLANG_WARN_NON_LITERAL_NULL_CONVERSION = YES;
				CLANG_WARN_OBJC_LITERAL_CONVERSION = YES;
				CLANG_WARN_OBJC_ROOT_CLASS = YES_ERROR;
				CLANG_WARN_RANGE_LOOP_ANALYSIS = YES;
				CLANG_WARN_STRICT_PROTOTYPES = YES;
				CLANG_WARN_SUSPICIOUS_MOVE = YES;
				CLANG_WARN_UNGUARDED_AVAILABILITY = YES_AGGRESSIVE;
				CLANG_WARN_UNREACHABLE_CODE = YES;
				CLANG_WARN__DUPLICATE_METHOD_MATCH = YES;
				CODE_SIGN_IDENTITY = "iPhone Developer";
				COPY_PHASE_STRIP = NO;
				DEBUG_INFORMATION_FORMAT = dwarf;
				ENABLE_STRICT_OBJC_MSGSEND = YES;
				ENABLE_TESTABILITY = YES;
				GCC_C_LANGUAGE_STANDARD = gnu11;
				GCC_DYNAMIC_NO_PIC = NO;
				GCC_NO_COMMON_BLOCKS = YES;
				GCC_OPTIMIZATION_LEVEL = 0;
				GCC_PREPROCESSOR_DEFINITIONS = (
					"DEBUG=1",
					"$(inherited)",
				);
				GCC_WARN_64_TO_32_BIT_CONVERSION = YES;
				GCC_WARN_ABOUT_RETURN_TYPE = YES_ERROR;
				GCC_WARN_UNDECLARED_SELECTOR = YES;
				GCC_WARN_UNINITIALIZED_AUTOS = YES_AGGRESSIVE;
				GCC_WARN_UNUSED_FUNCTION = YES;
				GCC_WARN_UNUSED_VARIABLE = YES;
				IPHONEOS_DEPLOYMENT_TARGET = 11.0;
				MTL_ENABLE_DEBUG_INFO = YES;
				ONLY_ACTIVE_ARCH = YES;
				SDKROOT = iphoneos;
				SWIFT_ACTIVE_COMPILATION_CONDITIONS = DEBUG;
				SWIFT_OPTIMIZATION_LEVEL = "-Onone";
			};
			name = Debug;
		};
		136ADAC31F8F5C2F005C8AC2 /* Release */ = {
			isa = XCBuildConfiguration;
			buildSettings = {
				ALWAYS_SEARCH_USER_PATHS = NO;
				CLANG_ANALYZER_NONNULL = YES;
				CLANG_ANALYZER_NUMBER_OBJECT_CONVERSION = YES_AGGRESSIVE;
				CLANG_CXX_LANGUAGE_STANDARD = "gnu++14";
				CLANG_CXX_LIBRARY = "libc++";
				CLANG_ENABLE_MODULES = YES;
				CLANG_ENABLE_OBJC_ARC = YES;
				CLANG_WARN_BLOCK_CAPTURE_AUTORELEASING = YES;
				CLANG_WARN_BOOL_CONVERSION = YES;
				CLANG_WARN_COMMA = YES;
				CLANG_WARN_CONSTANT_CONVERSION = YES;
				CLANG_WARN_DIRECT_OBJC_ISA_USAGE = YES_ERROR;
				CLANG_WARN_DOCUMENTATION_COMMENTS = YES;
				CLANG_WARN_EMPTY_BODY = YES;
				CLANG_WARN_ENUM_CONVERSION = YES;
				CLANG_WARN_INFINITE_RECURSION = YES;
				CLANG_WARN_INT_CONVERSION = YES;
				CLANG_WARN_NON_LITERAL_NULL_CONVERSION = YES;
				CLANG_WARN_OBJC_LITERAL_CONVERSION = YES;
				CLANG_WARN_OBJC_ROOT_CLASS = YES_ERROR;
				CLANG_WARN_RANGE_LOOP_ANALYSIS = YES;
				CLANG_WARN_STRICT_PROTOTYPES = YES;
				CLANG_WARN_SUSPICIOUS_MOVE = YES;
				CLANG_WARN_UNGUARDED_AVAILABILITY = YES_AGGRESSIVE;
				CLANG_WARN_UNREACHABLE_CODE = YES;
				CLANG_WARN__DUPLICATE_METHOD_MATCH = YES;
				CODE_SIGN_IDENTITY = "iPhone Developer";
				COPY_PHASE_STRIP = NO;
				DEBUG_INFORMATION_FORMAT = "dwarf-with-dsym";
				ENABLE_NS_ASSERTIONS = NO;
				ENABLE_STRICT_OBJC_MSGSEND = YES;
				GCC_C_LANGUAGE_STANDARD = gnu11;
				GCC_NO_COMMON_BLOCKS = YES;
				GCC_WARN_64_TO_32_BIT_CONVERSION = YES;
				GCC_WARN_ABOUT_RETURN_TYPE = YES_ERROR;
				GCC_WARN_UNDECLARED_SELECTOR = YES;
				GCC_WARN_UNINITIALIZED_AUTOS = YES_AGGRESSIVE;
				GCC_WARN_UNUSED_FUNCTION = YES;
				GCC_WARN_UNUSED_VARIABLE = YES;
				IPHONEOS_DEPLOYMENT_TARGET = 11.0;
				MTL_ENABLE_DEBUG_INFO = NO;
				SDKROOT = iphoneos;
				SWIFT_OPTIMIZATION_LEVEL = "-Owholemodule";
				VALIDATE_PRODUCT = YES;
			};
			name = Release;
		};
		136ADAC51F8F5C2F005C8AC2 /* Debug */ = {
			isa = XCBuildConfiguration;
			buildSettings = {
				ASSETCATALOG_COMPILER_APPICON_NAME = AppIcon;
				CODE_SIGN_STYLE = Automatic;
				DEVELOPMENT_TEAM = T5S9EB867D;
				INFOPLIST_FILE = MemeMaker/Info.plist;
				LD_RUNPATH_SEARCH_PATHS = "$(inherited) @executable_path/Frameworks";
				PRODUCT_BUNDLE_IDENTIFIER = com.gouchicao.MemeMaker;
				PRODUCT_NAME = "$(TARGET_NAME)";
				SWIFT_VERSION = 4.0;
				TARGETED_DEVICE_FAMILY = "1,2";
			};
			name = Debug;
		};
		136ADAC61F8F5C2F005C8AC2 /* Release */ = {
			isa = XCBuildConfiguration;
			buildSettings = {
				ASSETCATALOG_COMPILER_APPICON_NAME = AppIcon;
				CODE_SIGN_STYLE = Automatic;
				DEVELOPMENT_TEAM = T5S9EB867D;
				INFOPLIST_FILE = MemeMaker/Info.plist;
				LD_RUNPATH_SEARCH_PATHS = "$(inherited) @executable_path/Frameworks";
				PRODUCT_BUNDLE_IDENTIFIER = com.gouchicao.MemeMaker;
				PRODUCT_NAME = "$(TARGET_NAME)";
				SWIFT_VERSION = 4.0;
				TARGETED_DEVICE_FAMILY = "1,2";
			};
			name = Release;
		};
/* End XCBuildConfiguration section */

/* Begin XCConfigurationList section */
		136ADAAD1F8F5C2E005C8AC2 /* Build configuration list for PBXProject "MemeMaker" */ = {
			isa = XCConfigurationList;
			buildConfigurations = (
				136ADAC21F8F5C2F005C8AC2 /* Debug */,
				136ADAC31F8F5C2F005C8AC2 /* Release */,
			);
			defaultConfigurationIsVisible = 0;
			defaultConfigurationName = Release;
		};
		136ADAC41F8F5C2F005C8AC2 /* Build configuration list for PBXNativeTarget "MemeMaker" */ = {
			isa = XCConfigurationList;
			buildConfigurations = (
				136ADAC51F8F5C2F005C8AC2 /* Debug */,
				136ADAC61F8F5C2F005C8AC2 /* Release */,
			);
			defaultConfigurationIsVisible = 0;
			defaultConfigurationName = Release;
		};
/* End XCConfigurationList section */
	};
	rootObject = 136ADAAA1F8F5C2E005C8AC2 /* Project object */;
}
