// !$*UTF8*$!
{
	archiveVersion = 1;
	classes = {
	};
	objectVersion = 48;
	objects = {

/* Begin PBXBuildFile section */
		134D4DC11F9DD43B00875AF2 /* AppDelegate.swift in Sources */ = {isa = PBXBuildFile; fileRef = 134D4DC01F9DD43B00875AF2 /* AppDelegate.swift */; };
		134D4DC31F9DD43B00875AF2 /* ViewController.swift in Sources */ = {isa = PBXBuildFile; fileRef = 134D4DC21F9DD43B00875AF2 /* ViewController.swift */; };
		134D4DC61F9DD43B00875AF2 /* Main.storyboard in Resources */ = {isa = PBXBuildFile; fileRef = 134D4DC41F9DD43B00875AF2 /* Main.storyboard */; };
		134D4DC81F9DD43B00875AF2 /* Assets.xcassets in Resources */ = {isa = PBXBuildFile; fileRef = 134D4DC71F9DD43B00875AF2 /* Assets.xcassets */; };
		134D4DCB1F9DD43B00875AF2 /* LaunchScreen.storyboard in Resources */ = {isa = PBXBuildFile; fileRef = 134D4DC91F9DD43B00875AF2 /* LaunchScreen.storyboard */; };
		134D4DD51F9DD52E00875AF2 /* CLanguage.c in Sources */ = {isa = PBXBuildFile; fileRef = 134D4DD31F9DD52E00875AF2 /* CLanguage.c */; };
/* End PBXBuildFile section */

/* Begin PBXFileReference section */
		134D4DBD1F9DD43B00875AF2 /* SwiftCallC.app */ = {isa = PBXFileReference; explicitFileType = wrapper.application; includeInIndex = 0; path = SwiftCallC.app; sourceTree = BUILT_PRODUCTS_DIR; };
		134D4DC01F9DD43B00875AF2 /* AppDelegate.swift */ = {isa = PBXFileReference; lastKnownFileType = sourcecode.swift; path = AppDelegate.swift; sourceTree = "<group>"; };
		134D4DC21F9DD43B00875AF2 /* ViewController.swift */ = {isa = PBXFileReference; lastKnownFileType = sourcecode.swift; path = ViewController.swift; sourceTree = "<group>"; };
		134D4DC51F9DD43B00875AF2 /* Base */ = {isa = PBXFileReference; lastKnownFileType = file.storyboard; name = Base; path = Base.lproj/Main.storyboard; sourceTree = "<group>"; };
		134D4DC71F9DD43B00875AF2 /* Assets.xcassets */ = {isa = PBXFileReference; lastKnownFileType = folder.assetcatalog; path = Assets.xcassets; sourceTree = "<group>"; };
		134D4DCA1F9DD43B00875AF2 /* Base */ = {isa = PBXFileReference; lastKnownFileType = file.storyboard; name = Base; path = Base.lproj/LaunchScreen.storyboard; sourceTree = "<group>"; };
		134D4DCC1F9DD43B00875AF2 /* Info.plist */ = {isa = PBXFileReference; lastKnownFileType = text.plist.xml; path = Info.plist; sourceTree = "<group>"; };
		134D4DD21F9DD52E00875AF2 /* SwiftCallC-Bridging-Header.h */ = {isa = PBXFileReference; lastKnownFileType = sourcecode.c.h; path = "SwiftCallC-Bridging-Header.h"; sourceTree = "<group>"; };
		134D4DD31F9DD52E00875AF2 /* CLanguage.c */ = {isa = PBXFileReference; lastKnownFileType = sourcecode.c.c; path = CLanguage.c; sourceTree = "<group>"; };
		134D4DD41F9DD52E00875AF2 /* CLanguage.h */ = {isa = PBXFileReference; lastKnownFileType = sourcecode.c.h; path = CLanguage.h; sourceTree = "<group>"; };
/* End PBXFileReference section */

/* Begin PBXFrameworksBuildPhase section */
		134D4DBA1F9DD43B00875AF2 /* Frameworks */ = {
			isa = PBXFrameworksBuildPhase;
			buildActionMask = 2147483647;
			files = (
			);
			runOnlyForDeploymentPostprocessing = 0;
		};
/* End PBXFrameworksBuildPhase section */

/* Begin PBXGroup section */
		134D4DB41F9DD43B00875AF2 = {
			isa = PBXGroup;
			children = (
				134D4DBF1F9DD43B00875AF2 /* SwiftCallC */,
				134D4DBE1F9DD43B00875AF2 /* Products */,
			);
			sourceTree = "<group>";
		};
		134D4DBE1F9DD43B00875AF2 /* Products */ = {
			isa = PBXGroup;
			children = (
				134D4DBD1F9DD43B00875AF2 /* SwiftCallC.app */,
			);
			name = Products;
			sourceTree = "<group>";
		};
		134D4DBF1F9DD43B00875AF2 /* SwiftCallC */ = {
			isa = PBXGroup;
			children = (
				134D4DC21F9DD43B00875AF2 /* ViewController.swift */,
				134D4DC41F9DD43B00875AF2 /* Main.storyboard */,
				134D4DD31F9DD52E00875AF2 /* CLanguage.c */,
				134D4DD41F9DD52E00875AF2 /* CLanguage.h */,
				134D4DD21F9DD52E00875AF2 /* SwiftCallC-Bridging-Header.h */,
				134D4DD61F9DD6AF00875AF2 /* Supporting Files */,
				134D4DCC1F9DD43B00875AF2 /* Info.plist */,
			);
			path = SwiftCallC;
			sourceTree = "<group>";
		};
		134D4DD61F9DD6AF00875AF2 /* Supporting Files */ = {
			isa = PBXGroup;
			children = (
				134D4DC01F9DD43B00875AF2 /* AppDelegate.swift */,
				134D4DC71F9DD43B00875AF2 /* Assets.xcassets */,
				134D4DC91F9DD43B00875AF2 /* LaunchScreen.storyboard */,
			);
			path = "Supporting Files";
			sourceTree = "<group>";
		};
/* End PBXGroup section */

/* Begin PBXNativeTarget section */
		134D4DBC1F9DD43B00875AF2 /* SwiftCallC */ = {
			isa = PBXNativeTarget;
			buildConfigurationList = 134D4DCF1F9DD43B00875AF2 /* Build configuration list for PBXNativeTarget "SwiftCallC" */;
			buildPhases = (
				134D4DB91F9DD43B00875AF2 /* Sources */,
				134D4DBA1F9DD43B00875AF2 /* Frameworks */,
				134D4DBB1F9DD43B00875AF2 /* Resources */,
			);
			buildRules = (
			);
			dependencies = (
			);
			name = SwiftCallC;
			productName = SwiftCallC;
			productReference = 134D4DBD1F9DD43B00875AF2 /* SwiftCallC.app */;
			productType = "com.apple.product-type.application";
		};
/* End PBXNativeTarget section */

/* Begin PBXProject section */
		134D4DB51F9DD43B00875AF2 /* Project object */ = {
			isa = PBXProject;
			attributes = {
				LastSwiftUpdateCheck = 0900;
				LastUpgradeCheck = 0900;
				ORGANIZATIONNAME = "狗吃草";
				TargetAttributes = {
					134D4DBC1F9DD43B00875AF2 = {
						CreatedOnToolsVersion = 9.0;
						LastSwiftMigration = 0900;
						ProvisioningStyle = Automatic;
					};
				};
			};
			buildConfigurationList = 134D4DB81F9DD43B00875AF2 /* Build configuration list for PBXProject "SwiftCallC" */;
			compatibilityVersion = "Xcode 8.0";
			developmentRegion = en;
			hasScannedForEncodings = 0;
			knownRegions = (
				en,
				Base,
			);
			mainGroup = 134D4DB41F9DD43B00875AF2;
			productRefGroup = 134D4DBE1F9DD43B00875AF2 /* Products */;
			projectDirPath = "";
			projectRoot = "";
			targets = (
				134D4DBC1F9DD43B00875AF2 /* SwiftCallC */,
			);
		};
/* End PBXProject section */

/* Begin PBXResourcesBuildPhase section */
		134D4DBB1F9DD43B00875AF2 /* Resources */ = {
			isa = PBXResourcesBuildPhase;
			buildActionMask = 2147483647;
			files = (
				134D4DCB1F9DD43B00875AF2 /* LaunchScreen.storyboard in Resources */,
				134D4DC81F9DD43B00875AF2 /* Assets.xcassets in Resources */,
				134D4DC61F9DD43B00875AF2 /* Main.storyboard in Resources */,
			);
			runOnlyForDeploymentPostprocessing = 0;
		};
/* End PBXResourcesBuildPhase section */

/* Begin PBXSourcesBuildPhase section */
		134D4DB91F9DD43B00875AF2 /* Sources */ = {
			isa = PBXSourcesBuildPhase;
			buildActionMask = 2147483647;
			files = (
				134D4DD51F9DD52E00875AF2 /* CLanguage.c in Sources */,
				134D4DC31F9DD43B00875AF2 /* ViewController.swift in Sources */,
				134D4DC11F9DD43B00875AF2 /* AppDelegate.swift in Sources */,
			);
			runOnlyForDeploymentPostprocessing = 0;
		};
/* End PBXSourcesBuildPhase section */

/* Begin PBXVariantGroup section */
		134D4DC41F9DD43B00875AF2 /* Main.storyboard */ = {
			isa = PBXVariantGroup;
			children = (
				134D4DC51F9DD43B00875AF2 /* Base */,
			);
			name = Main.storyboard;
			sourceTree = "<group>";
		};
		134D4DC91F9DD43B00875AF2 /* LaunchScreen.storyboard */ = {
			isa = PBXVariantGroup;
			children = (
				134D4DCA1F9DD43B00875AF2 /* Base */,
			);
			name = LaunchScreen.storyboard;
			sourceTree = "<group>";
		};
/* End PBXVariantGroup section */

/* Begin XCBuildConfiguration section */
		134D4DCD1F9DD43B00875AF2 /* Debug */ = {
			isa = XCBuildConfiguration;
			buildSettings = {
				ALWAYS_SEARCH_USER_PATHS = NO;
				CLANG_ANALYZER_NONNULL = YES;
				CLANG_ANALYZER_NUMBER_OBJECT_CONVERSION = YES_AGGRESSIVE;
				CLANG_CXX_LANGUAGE_STANDARD = "gnu++14";
				CLANG_CXX_LIBRARY = "libc++";
				CLANG_ENABLE_MODULES = YES;
				CLANG_ENABLE_OBJC_ARC = YES;
				CLANG_WARN_BLOCK_CAPTURE_AUTORELEASING = YES;
				CLANG_WARN_BOOL_CONVERSION = YES;
				CLANG_WARN_COMMA = YES;
				CLANG_WARN_CONSTANT_CONVERSION = YES;
				CLANG_WARN_DIRECT_OBJC_ISA_USAGE = YES_ERROR;
				CLANG_WARN_DOCUMENTATION_COMMENTS = YES;
				CLANG_WARN_EMPTY_BODY = YES;
				CLANG_WARN_ENUM_CONVERSION = YES;
				CLANG_WARN_INFINITE_RECURSION = YES;
				CLANG_WARN_INT_CONVERSION = YES;
				CLANG_WARN_NON_LITERAL_NULL_CONVERSION = YES;
				CLANG_WARN_OBJC_LITERAL_CONVERSION = YES;
				CLANG_WARN_OBJC_ROOT_CLASS = YES_ERROR;
				CLANG_WARN_RANGE_LOOP_ANALYSIS = YES;
				CLANG_WARN_STRICT_PROTOTYPES = YES;
				CLANG_WARN_SUSPICIOUS_MOVE = YES;
				CLANG_WARN_UNGUARDED_AVAILABILITY = YES_AGGRESSIVE;
				CLANG_WARN_UNREACHABLE_CODE = YES;
				CLANG_WARN__DUPLICATE_METHOD_MATCH = YES;
				CODE_SIGN_IDENTITY = "iPhone Developer";
				COPY_PHASE_STRIP = NO;
				DEBUG_INFORMATION_FORMAT = dwarf;
				ENABLE_STRICT_OBJC_MSGSEND = YES;
				ENABLE_TESTABILITY = YES;
				GCC_C_LANGUAGE_STANDARD = gnu11;
				GCC_DYNAMIC_NO_PIC = NO;
				GCC_NO_COMMON_BLOCKS = YES;
				GCC_OPTIMIZATION_LEVEL = 0;
				GCC_PREPROCESSOR_DEFINITIONS = (
					"DEBUG=1",
					"$(inherited)",
				);
				GCC_WARN_64_TO_32_BIT_CONVERSION = YES;
				GCC_WARN_ABOUT_RETURN_TYPE = YES_ERROR;
				GCC_WARN_UNDECLARED_SELECTOR = YES;
				GCC_WARN_UNINITIALIZED_AUTOS = YES_AGGRESSIVE;
				GCC_WARN_UNUSED_FUNCTION = YES;
				GCC_WARN_UNUSED_VARIABLE = YES;
				IPHONEOS_DEPLOYMENT_TARGET = 11.0;
				MTL_ENABLE_DEBUG_INFO = YES;
				ONLY_ACTIVE_ARCH = YES;
				SDKROOT = iphoneos;
				SWIFT_ACTIVE_COMPILATION_CONDITIONS = DEBUG;
				SWIFT_OPTIMIZATION_LEVEL = "-Onone";
			};
			name = Debug;
		};
		134D4DCE1F9DD43B00875AF2 /* Release */ = {
			isa = XCBuildConfiguration;
			buildSettings = {
				ALWAYS_SEARCH_USER_PATHS = NO;
				CLANG_ANALYZER_NONNULL = YES;
				CLANG_ANALYZER_NUMBER_OBJECT_CONVERSION = YES_AGGRESSIVE;
				CLANG_CXX_LANGUAGE_STANDARD = "gnu++14";
				CLANG_CXX_LIBRARY = "libc++";
				CLANG_ENABLE_MODULES = YES;
				CLANG_ENABLE_OBJC_ARC = YES;
				CLANG_WARN_BLOCK_CAPTURE_AUTORELEASING = YES;
				CLANG_WARN_BOOL_CONVERSION = YES;
				CLANG_WARN_COMMA = YES;
				CLANG_WARN_CONSTANT_CONVERSION = YES;
				CLANG_WARN_DIRECT_OBJC_ISA_USAGE = YES_ERROR;
				CLANG_WARN_DOCUMENTATION_COMMENTS = YES;
				CLANG_WARN_EMPTY_BODY = YES;
				CLANG_WARN_ENUM_CONVERSION = YES;
				CLANG_WARN_INFINITE_RECURSION = YES;
				CLANG_WARN_INT_CONVERSION = YES;
				CLANG_WARN_NON_LITERAL_NULL_CONVERSION = YES;
				CLANG_WARN_OBJC_LITERAL_CONVERSION = YES;
				CLANG_WARN_OBJC_ROOT_CLASS = YES_ERROR;
				CLANG_WARN_RANGE_LOOP_ANALYSIS = YES;
				CLANG_WARN_STRICT_PROTOTYPES = YES;
				CLANG_WARN_SUSPICIOUS_MOVE = YES;
				CLANG_WARN_UNGUARDED_AVAILABILITY = YES_AGGRESSIVE;
				CLANG_WARN_UNREACHABLE_CODE = YES;
				CLANG_WARN__DUPLICATE_METHOD_MATCH = YES;
				CODE_SIGN_IDENTITY = "iPhone Developer";
				COPY_PHASE_STRIP = NO;
				DEBUG_INFORMATION_FORMAT = "dwarf-with-dsym";
				ENABLE_NS_ASSERTIONS = NO;
				ENABLE_STRICT_OBJC_MSGSEND = YES;
				GCC_C_LANGUAGE_STANDARD = gnu11;
				GCC_NO_COMMON_BLOCKS = YES;
				GCC_WARN_64_TO_32_BIT_CONVERSION = YES;
				GCC_WARN_ABOUT_RETURN_TYPE = YES_ERROR;
				GCC_WARN_UNDECLARED_SELECTOR = YES;
				GCC_WARN_UNINITIALIZED_AUTOS = YES_AGGRESSIVE;
				GCC_WARN_UNUSED_FUNCTION = YES;
				GCC_WARN_UNUSED_VARIABLE = YES;
				IPHONEOS_DEPLOYMENT_TARGET = 11.0;
				MTL_ENABLE_DEBUG_INFO = NO;
				SDKROOT = iphoneos;
				SWIFT_OPTIMIZATION_LEVEL = "-Owholemodule";
				VALIDATE_PRODUCT = YES;
			};
			name = Release;
		};
		134D4DD01F9DD43B00875AF2 /* Debug */ = {
			isa = XCBuildConfiguration;
			buildSettings = {
				ASSETCATALOG_COMPILER_APPICON_NAME = AppIcon;
				CLANG_ENABLE_MODULES = YES;
				CODE_SIGN_STYLE = Automatic;
				DEVELOPMENT_TEAM = T5S9EB867D;
				INFOPLIST_FILE = SwiftCallC/Info.plist;
				LD_RUNPATH_SEARCH_PATHS = "$(inherited) @executable_path/Frameworks";
				PRODUCT_BUNDLE_IDENTIFIER = com.gouchicao.SwiftCallC;
				PRODUCT_NAME = "$(TARGET_NAME)";
				SWIFT_OBJC_BRIDGING_HEADER = "SwiftCallC/SwiftCallC-Bridging-Header.h";
				SWIFT_OPTIMIZATION_LEVEL = "-Onone";
				SWIFT_VERSION = 4.0;
				TARGETED_DEVICE_FAMILY = "1,2";
			};
			name = Debug;
		};
		134D4DD11F9DD43B00875AF2 /* Release */ = {
			isa = XCBuildConfiguration;
			buildSettings = {
				ASSETCATALOG_COMPILER_APPICON_NAME = AppIcon;
				CLANG_ENABLE_MODULES = YES;
				CODE_SIGN_STYLE = Automatic;
				DEVELOPMENT_TEAM = T5S9EB867D;
				INFOPLIST_FILE = SwiftCallC/Info.plist;
				LD_RUNPATH_SEARCH_PATHS = "$(inherited) @executable_path/Frameworks";
				PRODUCT_BUNDLE_IDENTIFIER = com.gouchicao.SwiftCallC;
				PRODUCT_NAME = "$(TARGET_NAME)";
				SWIFT_OBJC_BRIDGING_HEADER = "SwiftCallC/SwiftCallC-Bridging-Header.h";
				SWIFT_VERSION = 4.0;
				TARGETED_DEVICE_FAMILY = "1,2";
			};
			name = Release;
		};
/* End XCBuildConfiguration section */

/* Begin XCConfigurationList section */
		134D4DB81F9DD43B00875AF2 /* Build configuration list for PBXProject "SwiftCallC" */ = {
			isa = XCConfigurationList;
			buildConfigurations = (
				134D4DCD1F9DD43B00875AF2 /* Debug */,
				134D4DCE1F9DD43B00875AF2 /* Release */,
			);
			defaultConfigurationIsVisible = 0;
			defaultConfigurationName = Release;
		};
		134D4DCF1F9DD43B00875AF2 /* Build configuration list for PBXNativeTarget "SwiftCallC" */ = {
			isa = XCConfigurationList;
			buildConfigurations = (
				134D4DD01F9DD43B00875AF2 /* Debug */,
				134D4DD11F9DD43B00875AF2 /* Release */,
			);
			defaultConfigurationIsVisible = 0;
			defaultConfigurationName = Release;
		};
/* End XCConfigurationList section */
	};
	rootObject = 134D4DB51F9DD43B00875AF2 /* Project object */;
}
